
Microsoft Visual Studio Solution File, Format Version 12.00
# Visual Studio Version 16
VisualStudioVersion = 16.0.30611.23
MinimumVisualStudioVersion = 10.0.40219.1
Project("{FAE04EC0-301F-11D3-BF4B-00C04F79EFBC}") = "MergeSort", "MergeSort.csproj", "{FC445D3A-0431-4DF5-88E0-47BAD6A337B1}"
EndProject
Global
	GlobalSection(SolutionConfigurationPlatforms) = preSolution
		Debug|Any CPU = Debug|Any CPU
		Release|Any CPU = Release|Any CPU
	EndGlobalSection
	GlobalSection(ProjectConfigurationPlatforms) = postSolution
		{FC445D3A-0431-4DF5-88E0-47BAD6A337B1}.Debug|Any CPU.ActiveCfg = Debug|Any CPU
		{FC445D3A-0431-4DF5-88E0-47BAD6A337B1}.Debug|Any CPU.Build.0 = Debug|Any CPU
		{FC445D3A-0431-4DF5-88E0-47BAD6A337B1}.Release|Any CPU.ActiveCfg = Release|Any CPU
		{FC445D3A-0431-4DF5-88E0-47BAD6A337B1}.Release|Any CPU.Build.0 = Release|Any CPU
	EndGlobalSection
	GlobalSection(SolutionProperties) = preSolution
		HideSolutionNode = FALSE
	EndGlobalSection
	GlobalSection(ExtensibilityGlobals) = postSolution
		SolutionGuid = {D87A5139-7AFD-4042-BCC2-0659F786556D}
	EndGlobalSection
EndGlobal
